
Microsoft Visual Studio Solution File, Format Version 12.00
# Visual Studio Version 16
VisualStudioVersion = 16.0.33130.400
MinimumVisualStudioVersion = 10.0.40219.1
Project("{FAE04EC0-301F-11D3-BF4B-00C04F79EFBC}") = "Attacker", "Attacker\Attacker.csproj", "{FF4634D6-EDCA-4B7C-8A03-8E62EC609CE7}"
EndProject
Global
	GlobalSection(SolutionConfigurationPlatforms) = preSolution
		Debug|Any CPU = Debug|Any CPU
		Release|Any CPU = Release|Any CPU
	EndGlobalSection
	GlobalSection(ProjectConfigurationPlatforms) = postSolution
		{FF4634D6-EDCA-4B7C-8A03-8E62EC609CE7}.Debug|Any CPU.ActiveCfg = Debug|Any CPU
		{FF4634D6-EDCA-4B7C-8A03-8E62EC609CE7}.Debug|Any CPU.Build.0 = Debug|Any CPU
		{FF4634D6-EDCA-4B7C-8A03-8E62EC609CE7}.Release|Any CPU.ActiveCfg = Release|Any CPU
		{FF4634D6-EDCA-4B7C-8A03-8E62EC609CE7}.Release|Any CPU.Build.0 = Release|Any CPU
	EndGlobalSection
	GlobalSection(SolutionProperties) = preSolution
		HideSolutionNode = FALSE
	EndGlobalSection
	GlobalSection(ExtensibilityGlobals) = postSolution
		SolutionGuid = {24E5A7D3-40A1-4584-8E8C-6F5FC2B1F04E}
	EndGlobalSection
EndGlobal
