
Microsoft Visual Studio Solution File, Format Version 12.00
# Visual Studio Version 17
VisualStudioVersion = 17.6.33829.357
MinimumVisualStudioVersion = 10.0.40219.1
Project("{FAE04EC0-301F-11D3-BF4B-00C04F79EFBC}") = "PeoplesCities.Identity", "PeoplesCities.Identity\PeoplesCities.Identity.csproj", "{314A46FE-53B3-4020-8998-980F9118E31D}"
EndProject
Global
	GlobalSection(SolutionConfigurationPlatforms) = preSolution
		Debug|Any CPU = Debug|Any CPU
		Release|Any CPU = Release|Any CPU
	EndGlobalSection
	GlobalSection(ProjectConfigurationPlatforms) = postSolution
		{314A46FE-53B3-4020-8998-980F9118E31D}.Debug|Any CPU.ActiveCfg = Debug|Any CPU
		{314A46FE-53B3-4020-8998-980F9118E31D}.Debug|Any CPU.Build.0 = Debug|Any CPU
		{314A46FE-53B3-4020-8998-980F9118E31D}.Release|Any CPU.ActiveCfg = Release|Any CPU
		{314A46FE-53B3-4020-8998-980F9118E31D}.Release|Any CPU.Build.0 = Release|Any CPU
	EndGlobalSection
	GlobalSection(SolutionProperties) = preSolution
		HideSolutionNode = FALSE
	EndGlobalSection
	GlobalSection(ExtensibilityGlobals) = postSolution
		SolutionGuid = {2B2F0026-150A-44E5-BDE5-CCFC34BE6DE1}
	EndGlobalSection
EndGlobal
